
Microsoft Visual Studio Solution File, Format Version 12.00
# Visual Studio 15
VisualStudioVersion = 15.0.28010.2036
MinimumVisualStudioVersion = 10.0.40219.1
Project("{FAE04EC0-301F-11D3-BF4B-00C04F79EFBC}") = "EDF.DL", "EDF.DL\EDF.DL.csproj", "{E2135253-F735-48DC-A959-88F8317060AB}"
EndProject
Project("{2150E333-8FDC-42A3-9474-1A3956D46DE8}") = "Tests", "Tests", "{822F3C82-ED55-4A05-A602-BB54B86A332A}"
EndProject
Project("{FAE04EC0-301F-11D3-BF4B-00C04F79EFBC}") = "EDF.UI", "EDF.UI\EDF.UI.csproj", "{38E6D205-E6B3-401F-A47D-035989511992}"
EndProject
Project("{FAE04EC0-301F-11D3-BF4B-00C04F79EFBC}") = "EDF.BL", "EDF.BL\EDF.BL.csproj", "{D0BDC1E6-4E14-452A-855F-FA226463D058}"
EndProject
Project("{FAE04EC0-301F-11D3-BF4B-00C04F79EFBC}") = "EDF.Common", "EDF.Common\EDF.Common.csproj", "{0FF8D33C-631F-4662-B134-1EB2057D4DFD}"
EndProject
Project("{FAE04EC0-301F-11D3-BF4B-00C04F79EFBC}") = "EDF.DLTests", "Tests\EDF.DLTests\EDF.DLTests.csproj", "{F4853F87-EB12-4F16-A050-24AB0B2DB346}"
EndProject
Global
	GlobalSection(SolutionConfigurationPlatforms) = preSolution
		Debug|Any CPU = Debug|Any CPU
		Debug|x64 = Debug|x64
		Release|Any CPU = Release|Any CPU
		Release|x64 = Release|x64
	EndGlobalSection
	GlobalSection(ProjectConfigurationPlatforms) = postSolution
		{E2135253-F735-48DC-A959-88F8317060AB}.Debug|Any CPU.ActiveCfg = Debug|Any CPU
		{E2135253-F735-48DC-A959-88F8317060AB}.Debug|Any CPU.Build.0 = Debug|Any CPU
		{E2135253-F735-48DC-A959-88F8317060AB}.Debug|x64.ActiveCfg = Debug|x64
		{E2135253-F735-48DC-A959-88F8317060AB}.Debug|x64.Build.0 = Debug|x64
		{E2135253-F735-48DC-A959-88F8317060AB}.Release|Any CPU.ActiveCfg = Release|Any CPU
		{E2135253-F735-48DC-A959-88F8317060AB}.Release|Any CPU.Build.0 = Release|Any CPU
		{E2135253-F735-48DC-A959-88F8317060AB}.Release|x64.ActiveCfg = Release|x64
		{E2135253-F735-48DC-A959-88F8317060AB}.Release|x64.Build.0 = Release|x64
		{38E6D205-E6B3-401F-A47D-035989511992}.Debug|Any CPU.ActiveCfg = Debug|Any CPU
		{38E6D205-E6B3-401F-A47D-035989511992}.Debug|Any CPU.Build.0 = Debug|Any CPU
		{38E6D205-E6B3-401F-A47D-035989511992}.Debug|x64.ActiveCfg = Debug|x64
		{38E6D205-E6B3-401F-A47D-035989511992}.Debug|x64.Build.0 = Debug|x64
		{38E6D205-E6B3-401F-A47D-035989511992}.Release|Any CPU.ActiveCfg = Release|Any CPU
		{38E6D205-E6B3-401F-A47D-035989511992}.Release|Any CPU.Build.0 = Release|Any CPU
		{38E6D205-E6B3-401F-A47D-035989511992}.Release|x64.ActiveCfg = Release|x64
		{38E6D205-E6B3-401F-A47D-035989511992}.Release|x64.Build.0 = Release|x64
		{D0BDC1E6-4E14-452A-855F-FA226463D058}.Debug|Any CPU.ActiveCfg = Debug|Any CPU
		{D0BDC1E6-4E14-452A-855F-FA226463D058}.Debug|Any CPU.Build.0 = Debug|Any CPU
		{D0BDC1E6-4E14-452A-855F-FA226463D058}.Debug|x64.ActiveCfg = Debug|x64
		{D0BDC1E6-4E14-452A-855F-FA226463D058}.Debug|x64.Build.0 = Debug|x64
		{D0BDC1E6-4E14-452A-855F-FA226463D058}.Release|Any CPU.ActiveCfg = Release|Any CPU
		{D0BDC1E6-4E14-452A-855F-FA226463D058}.Release|Any CPU.Build.0 = Release|Any CPU
		{D0BDC1E6-4E14-452A-855F-FA226463D058}.Release|x64.ActiveCfg = Release|x64
		{D0BDC1E6-4E14-452A-855F-FA226463D058}.Release|x64.Build.0 = Release|x64
		{0FF8D33C-631F-4662-B134-1EB2057D4DFD}.Debug|Any CPU.ActiveCfg = Debug|Any CPU
		{0FF8D33C-631F-4662-B134-1EB2057D4DFD}.Debug|Any CPU.Build.0 = Debug|Any CPU
		{0FF8D33C-631F-4662-B134-1EB2057D4DFD}.Debug|x64.ActiveCfg = Debug|x64
		{0FF8D33C-631F-4662-B134-1EB2057D4DFD}.Debug|x64.Build.0 = Debug|x64
		{0FF8D33C-631F-4662-B134-1EB2057D4DFD}.Release|Any CPU.ActiveCfg = Release|Any CPU
		{0FF8D33C-631F-4662-B134-1EB2057D4DFD}.Release|Any CPU.Build.0 = Release|Any CPU
		{0FF8D33C-631F-4662-B134-1EB2057D4DFD}.Release|x64.ActiveCfg = Release|x64
		{0FF8D33C-631F-4662-B134-1EB2057D4DFD}.Release|x64.Build.0 = Release|x64
		{F4853F87-EB12-4F16-A050-24AB0B2DB346}.Debug|Any CPU.ActiveCfg = Debug|Any CPU
		{F4853F87-EB12-4F16-A050-24AB0B2DB346}.Debug|Any CPU.Build.0 = Debug|Any CPU
		{F4853F87-EB12-4F16-A050-24AB0B2DB346}.Debug|x64.ActiveCfg = Debug|x64
		{F4853F87-EB12-4F16-A050-24AB0B2DB346}.Debug|x64.Build.0 = Debug|x64
		{F4853F87-EB12-4F16-A050-24AB0B2DB346}.Release|Any CPU.ActiveCfg = Release|Any CPU
		{F4853F87-EB12-4F16-A050-24AB0B2DB346}.Release|Any CPU.Build.0 = Release|Any CPU
		{F4853F87-EB12-4F16-A050-24AB0B2DB346}.Release|x64.ActiveCfg = Release|x64
		{F4853F87-EB12-4F16-A050-24AB0B2DB346}.Release|x64.Build.0 = Release|x64
	EndGlobalSection
	GlobalSection(SolutionProperties) = preSolution
		HideSolutionNode = FALSE
	EndGlobalSection
	GlobalSection(NestedProjects) = preSolution
		{F4853F87-EB12-4F16-A050-24AB0B2DB346} = {822F3C82-ED55-4A05-A602-BB54B86A332A}
	EndGlobalSection
	GlobalSection(ExtensibilityGlobals) = postSolution
		SolutionGuid = {3F62A971-6D2E-4FEF-BA73-E96DA3A30098}
	EndGlobalSection
EndGlobal
